{
  "nodes": {
    "nixpkgs": {
      "locked": {
        "lastModified": 0,
        "narHash": "sha256-mn0Uew8rWHFF7T5NVQaEDbd/dQmJGEjUamGKC8LAK1w=",
        "path": "/nix/store/asmpdfb2aixsjl95a557c269ybzybjm3-source",
        "type": "path"
      },
      "original": {
        "id": "nixpkgs",
        "type": "indirect"
      }
    },
    "root": {
      "inputs": {
        "nixpkgs": "nixpkgs"
      }
    }
  },
  "root": "root",
  "version": 7
}
