{
  "nodes": {
    "nixpkgs": {
      "locked": {
        "lastModified": 1720249067,
        "narHash": "sha256-g7yPX5FDgbRrZWB8kqRgaQpAo4aVnbkHCzDP/ujytdI=",
        "path": "/nix/store/xh78jcd1jy5kx3pvjf4jdyvwl731w47z-source",
        "rev": "5041afcd2b075aad48f4336668b129cd318edc8b",
        "revCount": 648248,
        "type": "path"
      },
      "original": {
        "id": "nixpkgs",
        "type": "indirect"
      }
    },
    "root": {
      "inputs": {
        "nixpkgs": "nixpkgs"
      }
    }
  },
  "root": "root",
  "version": 7
}
